// !$*UTF8*$!
{
	archiveVersion = 1;
	classes = {
	};
	objectVersion = 46;
	objects = {

/* Begin PBXAggregateTarget section */
		"DrawerList::DrawerListPackageTests::ProductTarget" /* DrawerListPackageTests */ = {
			isa = PBXAggregateTarget;
			buildConfigurationList = OBJ_32 /* Build configuration list for PBXAggregateTarget "DrawerListPackageTests" */;
			buildPhases = (
			);
			dependencies = (
				OBJ_35 /* PBXTargetDependency */,
			);
			name = DrawerListPackageTests;
			productName = DrawerListPackageTests;
		};
/* End PBXAggregateTarget section */

/* Begin PBXBuildFile section */
		DD42C61E24C874CC0017F067 /* DrawerList+SceneSetup.swift in Sources */ = {isa = PBXBuildFile; fileRef = DD42C61824C874CC0017F067 /* DrawerList+SceneSetup.swift */; };
		DD42C61F24C874CC0017F067 /* DrawerListPresenter.swift in Sources */ = {isa = PBXBuildFile; fileRef = DD42C61924C874CC0017F067 /* DrawerListPresenter.swift */; };
		DD42C62124C874CC0017F067 /* DrawerListModels.swift in Sources */ = {isa = PBXBuildFile; fileRef = DD42C61B24C874CC0017F067 /* DrawerListModels.swift */; };
		DD42C62224C874CC0017F067 /* DrawerListViewController.swift in Sources */ = {isa = PBXBuildFile; fileRef = DD42C61C24C874CC0017F067 /* DrawerListViewController.swift */; };
		DD42C62324C874CC0017F067 /* DrawerListInteractor.swift in Sources */ = {isa = PBXBuildFile; fileRef = DD42C61D24C874CC0017F067 /* DrawerListInteractor.swift */; };
		DD42C62624C879C20017F067 /* DrawerListItem.swift in Sources */ = {isa = PBXBuildFile; fileRef = DD42C62524C879C20017F067 /* DrawerListItem.swift */; };
		DD42C62924C883520017F067 /* DrawerListRouter.swift in Sources */ = {isa = PBXBuildFile; fileRef = DD42C62824C883520017F067 /* DrawerListRouter.swift */; };
		DD42C63124C8D2B00017F067 /* DrawerList.podspec in Resources */ = {isa = PBXBuildFile; fileRef = DD42C63024C8D2B00017F067 /* DrawerList.podspec */; };
		OBJ_23 /* DrawerList.swift in Sources */ = {isa = PBXBuildFile; fileRef = OBJ_9 /* DrawerList.swift */; };
		OBJ_30 /* Package.swift in Sources */ = {isa = PBXBuildFile; fileRef = OBJ_6 /* Package.swift */; };
		OBJ_41 /* DrawerListTests.swift in Sources */ = {isa = PBXBuildFile; fileRef = OBJ_12 /* DrawerListTests.swift */; };
		OBJ_42 /* XCTestManifests.swift in Sources */ = {isa = PBXBuildFile; fileRef = OBJ_13 /* XCTestManifests.swift */; };
		OBJ_44 /* DrawerList.framework in Frameworks */ = {isa = PBXBuildFile; fileRef = "DrawerList::DrawerList::Product" /* DrawerList.framework */; };
/* End PBXBuildFile section */

/* Begin PBXContainerItemProxy section */
		DD42C61724C870BA0017F067 /* PBXContainerItemProxy */ = {
			isa = PBXContainerItemProxy;
			containerPortal = OBJ_1 /* Project object */;
			proxyType = 1;
			remoteGlobalIDString = "DrawerList::DrawerList";
			remoteInfo = DrawerList;
		};
		DD42C62424C874CD0017F067 /* PBXContainerItemProxy */ = {
			isa = PBXContainerItemProxy;
			containerPortal = OBJ_1 /* Project object */;
			proxyType = 1;
			remoteGlobalIDString = "DrawerList::DrawerListTests";
			remoteInfo = DrawerListTests;
		};
/* End PBXContainerItemProxy section */

/* Begin PBXFileReference section */
		DD42C61824C874CC0017F067 /* DrawerList+SceneSetup.swift */ = {isa = PBXFileReference; lastKnownFileType = sourcecode.swift; path = "DrawerList+SceneSetup.swift"; sourceTree = "<group>"; };
		DD42C61924C874CC0017F067 /* DrawerListPresenter.swift */ = {isa = PBXFileReference; lastKnownFileType = sourcecode.swift; path = DrawerListPresenter.swift; sourceTree = "<group>"; };
		DD42C61B24C874CC0017F067 /* DrawerListModels.swift */ = {isa = PBXFileReference; lastKnownFileType = sourcecode.swift; path = DrawerListModels.swift; sourceTree = "<group>"; };
		DD42C61C24C874CC0017F067 /* DrawerListViewController.swift */ = {isa = PBXFileReference; lastKnownFileType = sourcecode.swift; path = DrawerListViewController.swift; sourceTree = "<group>"; };
		DD42C61D24C874CC0017F067 /* DrawerListInteractor.swift */ = {isa = PBXFileReference; lastKnownFileType = sourcecode.swift; path = DrawerListInteractor.swift; sourceTree = "<group>"; };
		DD42C62524C879C20017F067 /* DrawerListItem.swift */ = {isa = PBXFileReference; lastKnownFileType = sourcecode.swift; path = DrawerListItem.swift; sourceTree = "<group>"; };
		DD42C62824C883520017F067 /* DrawerListRouter.swift */ = {isa = PBXFileReference; fileEncoding = 4; lastKnownFileType = sourcecode.swift; path = DrawerListRouter.swift; sourceTree = "<group>"; };
		DD42C63024C8D2B00017F067 /* DrawerList.podspec */ = {isa = PBXFileReference; fileEncoding = 4; lastKnownFileType = text; path = DrawerList.podspec; sourceTree = "<group>"; };
		"DrawerList::DrawerList::Product" /* DrawerList.framework */ = {isa = PBXFileReference; lastKnownFileType = wrapper.framework; path = DrawerList.framework; sourceTree = BUILT_PRODUCTS_DIR; };
		"DrawerList::DrawerListTests::Product" /* DrawerListTests.xctest */ = {isa = PBXFileReference; lastKnownFileType = file; path = DrawerListTests.xctest; sourceTree = BUILT_PRODUCTS_DIR; };
		OBJ_12 /* DrawerListTests.swift */ = {isa = PBXFileReference; lastKnownFileType = sourcecode.swift; path = DrawerListTests.swift; sourceTree = "<group>"; };
		OBJ_13 /* XCTestManifests.swift */ = {isa = PBXFileReference; lastKnownFileType = sourcecode.swift; path = XCTestManifests.swift; sourceTree = "<group>"; };
		OBJ_17 /* README.md */ = {isa = PBXFileReference; lastKnownFileType = net.daringfireball.markdown; path = README.md; sourceTree = "<group>"; };
		OBJ_6 /* Package.swift */ = {isa = PBXFileReference; explicitFileType = sourcecode.swift; path = Package.swift; sourceTree = "<group>"; };
		OBJ_9 /* DrawerList.swift */ = {isa = PBXFileReference; lastKnownFileType = sourcecode.swift; path = DrawerList.swift; sourceTree = "<group>"; };
/* End PBXFileReference section */

/* Begin PBXFrameworksBuildPhase section */
		OBJ_24 /* Frameworks */ = {
			isa = PBXFrameworksBuildPhase;
			buildActionMask = 0;
			files = (
			);
			runOnlyForDeploymentPostprocessing = 0;
		};
		OBJ_43 /* Frameworks */ = {
			isa = PBXFrameworksBuildPhase;
			buildActionMask = 0;
			files = (
				OBJ_44 /* DrawerList.framework in Frameworks */,
			);
			runOnlyForDeploymentPostprocessing = 0;
		};
/* End PBXFrameworksBuildPhase section */

/* Begin PBXGroup section */
		OBJ_10 /* Tests */ = {
			isa = PBXGroup;
			children = (
				OBJ_11 /* DrawerListTests */,
			);
			name = Tests;
			sourceTree = SOURCE_ROOT;
		};
		OBJ_11 /* DrawerListTests */ = {
			isa = PBXGroup;
			children = (
				OBJ_12 /* DrawerListTests.swift */,
				OBJ_13 /* XCTestManifests.swift */,
			);
			name = DrawerListTests;
			path = Tests/DrawerListTests;
			sourceTree = SOURCE_ROOT;
		};
		OBJ_14 /* Products */ = {
			isa = PBXGroup;
			children = (
				"DrawerList::DrawerListTests::Product" /* DrawerListTests.xctest */,
				"DrawerList::DrawerList::Product" /* DrawerList.framework */,
			);
			name = Products;
			sourceTree = BUILT_PRODUCTS_DIR;
		};
		OBJ_5 = {
			isa = PBXGroup;
			children = (
				DD42C63024C8D2B00017F067 /* DrawerList.podspec */,
				OBJ_6 /* Package.swift */,
				OBJ_7 /* Sources */,
				OBJ_10 /* Tests */,
				OBJ_14 /* Products */,
				OBJ_17 /* README.md */,
			);
			sourceTree = "<group>";
		};
		OBJ_7 /* Sources */ = {
			isa = PBXGroup;
			children = (
				OBJ_8 /* DrawerList */,
			);
			name = Sources;
			sourceTree = SOURCE_ROOT;
		};
		OBJ_8 /* DrawerList */ = {
			isa = PBXGroup;
			children = (
				DD42C62824C883520017F067 /* DrawerListRouter.swift */,
				OBJ_9 /* DrawerList.swift */,
				DD42C61824C874CC0017F067 /* DrawerList+SceneSetup.swift */,
				DD42C61924C874CC0017F067 /* DrawerListPresenter.swift */,
				DD42C61B24C874CC0017F067 /* DrawerListModels.swift */,
				DD42C61C24C874CC0017F067 /* DrawerListViewController.swift */,
				DD42C61D24C874CC0017F067 /* DrawerListInteractor.swift */,
				DD42C62524C879C20017F067 /* DrawerListItem.swift */,
			);
			name = DrawerList;
			path = Sources/DrawerList;
			sourceTree = SOURCE_ROOT;
		};
/* End PBXGroup section */

/* Begin PBXNativeTarget section */
		"DrawerList::DrawerList" /* DrawerList */ = {
			isa = PBXNativeTarget;
			buildConfigurationList = OBJ_19 /* Build configuration list for PBXNativeTarget "DrawerList" */;
			buildPhases = (
				OBJ_22 /* Sources */,
				OBJ_24 /* Frameworks */,
				DD42C62C24C893DD0017F067 /* Resources */,
			);
			buildRules = (
			);
			dependencies = (
			);
			name = DrawerList;
			productName = DrawerList;
			productReference = "DrawerList::DrawerList::Product" /* DrawerList.framework */;
			productType = "com.apple.product-type.framework";
		};
		"DrawerList::DrawerListTests" /* DrawerListTests */ = {
			isa = PBXNativeTarget;
			buildConfigurationList = OBJ_37 /* Build configuration list for PBXNativeTarget "DrawerListTests" */;
			buildPhases = (
				OBJ_40 /* Sources */,
				OBJ_43 /* Frameworks */,
			);
			buildRules = (
			);
			dependencies = (
				OBJ_45 /* PBXTargetDependency */,
			);
			name = DrawerListTests;
			productName = DrawerListTests;
			productReference = "DrawerList::DrawerListTests::Product" /* DrawerListTests.xctest */;
			productType = "com.apple.product-type.bundle.unit-test";
		};
		"DrawerList::SwiftPMPackageDescription" /* DrawerListPackageDescription */ = {
			isa = PBXNativeTarget;
			buildConfigurationList = OBJ_26 /* Build configuration list for PBXNativeTarget "DrawerListPackageDescription" */;
			buildPhases = (
				OBJ_29 /* Sources */,
				DD42C62E24C893EB0017F067 /* Resources */,
			);
			buildRules = (
			);
			dependencies = (
			);
			name = DrawerListPackageDescription;
			productName = DrawerListPackageDescription;
			productType = "com.apple.product-type.framework";
		};
/* End PBXNativeTarget section */

/* Begin PBXProject section */
		OBJ_1 /* Project object */ = {
			isa = PBXProject;
			attributes = {
				LastSwiftMigration = 9999;
				LastUpgradeCheck = 9999;
			};
			buildConfigurationList = OBJ_2 /* Build configuration list for PBXProject "DrawerList" */;
			compatibilityVersion = "Xcode 3.2";
			developmentRegion = en;
			hasScannedForEncodings = 0;
			knownRegions = (
				en,
			);
			mainGroup = OBJ_5;
			productRefGroup = OBJ_14 /* Products */;
			projectDirPath = "";
			projectRoot = "";
			targets = (
				"DrawerList::DrawerList" /* DrawerList */,
				"DrawerList::SwiftPMPackageDescription" /* DrawerListPackageDescription */,
				"DrawerList::DrawerListPackageTests::ProductTarget" /* DrawerListPackageTests */,
				"DrawerList::DrawerListTests" /* DrawerListTests */,
			);
		};
/* End PBXProject section */

/* Begin PBXResourcesBuildPhase section */
		DD42C62C24C893DD0017F067 /* Resources */ = {
			isa = PBXResourcesBuildPhase;
			buildActionMask = 2147483647;
			files = (
				DD42C63124C8D2B00017F067 /* DrawerList.podspec in Resources */,
			);
			runOnlyForDeploymentPostprocessing = 0;
		};
		DD42C62E24C893EB0017F067 /* Resources */ = {
			isa = PBXResourcesBuildPhase;
			buildActionMask = 2147483647;
			files = (
			);
			runOnlyForDeploymentPostprocessing = 0;
		};
/* End PBXResourcesBuildPhase section */

/* Begin PBXSourcesBuildPhase section */
		OBJ_22 /* Sources */ = {
			isa = PBXSourcesBuildPhase;
			buildActionMask = 0;
			files = (
				DD42C61F24C874CC0017F067 /* DrawerListPresenter.swift in Sources */,
				DD42C62224C874CC0017F067 /* DrawerListViewController.swift in Sources */,
				DD42C62124C874CC0017F067 /* DrawerListModels.swift in Sources */,
				DD42C62924C883520017F067 /* DrawerListRouter.swift in Sources */,
				DD42C62324C874CC0017F067 /* DrawerListInteractor.swift in Sources */,
				OBJ_23 /* DrawerList.swift in Sources */,
				DD42C61E24C874CC0017F067 /* DrawerList+SceneSetup.swift in Sources */,
				DD42C62624C879C20017F067 /* DrawerListItem.swift in Sources */,
			);
			runOnlyForDeploymentPostprocessing = 0;
		};
		OBJ_29 /* Sources */ = {
			isa = PBXSourcesBuildPhase;
			buildActionMask = 0;
			files = (
				OBJ_30 /* Package.swift in Sources */,
			);
			runOnlyForDeploymentPostprocessing = 0;
		};
		OBJ_40 /* Sources */ = {
			isa = PBXSourcesBuildPhase;
			buildActionMask = 0;
			files = (
				OBJ_41 /* DrawerListTests.swift in Sources */,
				OBJ_42 /* XCTestManifests.swift in Sources */,
			);
			runOnlyForDeploymentPostprocessing = 0;
		};
/* End PBXSourcesBuildPhase section */

/* Begin PBXTargetDependency section */
		OBJ_35 /* PBXTargetDependency */ = {
			isa = PBXTargetDependency;
			target = "DrawerList::DrawerListTests" /* DrawerListTests */;
			targetProxy = DD42C62424C874CD0017F067 /* PBXContainerItemProxy */;
		};
		OBJ_45 /* PBXTargetDependency */ = {
			isa = PBXTargetDependency;
			target = "DrawerList::DrawerList" /* DrawerList */;
			targetProxy = DD42C61724C870BA0017F067 /* PBXContainerItemProxy */;
		};
/* End PBXTargetDependency section */

/* Begin XCBuildConfiguration section */
		OBJ_20 /* Debug */ = {
			isa = XCBuildConfiguration;
			buildSettings = {
				ENABLE_TESTABILITY = YES;
				FRAMEWORK_SEARCH_PATHS = (
					"$(inherited)",
					"$(PLATFORM_DIR)/Developer/Library/Frameworks",
				);
				HEADER_SEARCH_PATHS = "$(inherited)";
				INFOPLIST_FILE = DrawerList.xcodeproj/DrawerList_Info.plist;
				IPHONEOS_DEPLOYMENT_TARGET = 8.0;
				LD_RUNPATH_SEARCH_PATHS = "$(inherited) $(TOOLCHAIN_DIR)/usr/lib/swift/macosx";
				MACOSX_DEPLOYMENT_TARGET = 10.10;
				OTHER_CFLAGS = "$(inherited)";
				OTHER_LDFLAGS = "$(inherited)";
				OTHER_SWIFT_FLAGS = "$(inherited)";
				PRODUCT_BUNDLE_IDENTIFIER = DrawerList;
				PRODUCT_MODULE_NAME = "$(TARGET_NAME:c99extidentifier)";
				PRODUCT_NAME = "$(TARGET_NAME:c99extidentifier)";
				SKIP_INSTALL = YES;
				SWIFT_ACTIVE_COMPILATION_CONDITIONS = "$(inherited)";
				SWIFT_VERSION = 5.0;
				TARGET_NAME = DrawerList;
				TVOS_DEPLOYMENT_TARGET = 9.0;
				WATCHOS_DEPLOYMENT_TARGET = 2.0;
			};
			name = Debug;
		};
		OBJ_21 /* Release */ = {
			isa = XCBuildConfiguration;
			buildSettings = {
				ENABLE_TESTABILITY = YES;
				FRAMEWORK_SEARCH_PATHS = (
					"$(inherited)",
					"$(PLATFORM_DIR)/Developer/Library/Frameworks",
				);
				HEADER_SEARCH_PATHS = "$(inherited)";
				INFOPLIST_FILE = DrawerList.xcodeproj/DrawerList_Info.plist;
				IPHONEOS_DEPLOYMENT_TARGET = 8.0;
				LD_RUNPATH_SEARCH_PATHS = "$(inherited) $(TOOLCHAIN_DIR)/usr/lib/swift/macosx";
				MACOSX_DEPLOYMENT_TARGET = 10.10;
				OTHER_CFLAGS = "$(inherited)";
				OTHER_LDFLAGS = "$(inherited)";
				OTHER_SWIFT_FLAGS = "$(inherited)";
				PRODUCT_BUNDLE_IDENTIFIER = DrawerList;
				PRODUCT_MODULE_NAME = "$(TARGET_NAME:c99extidentifier)";
				PRODUCT_NAME = "$(TARGET_NAME:c99extidentifier)";
				SKIP_INSTALL = YES;
				SWIFT_ACTIVE_COMPILATION_CONDITIONS = "$(inherited)";
				SWIFT_VERSION = 5.0;
				TARGET_NAME = DrawerList;
				TVOS_DEPLOYMENT_TARGET = 9.0;
				WATCHOS_DEPLOYMENT_TARGET = 2.0;
			};
			name = Release;
		};
		OBJ_27 /* Debug */ = {
			isa = XCBuildConfiguration;
			buildSettings = {
				LD = /usr/bin/true;
				OTHER_SWIFT_FLAGS = "-swift-version 5 -I $(TOOLCHAIN_DIR)/usr/lib/swift/pm/4_2 -target x86_64-apple-macosx10.10 -sdk /Applications/Xcode.app/Contents/Developer/Platforms/MacOSX.platform/Developer/SDKs/MacOSX10.15.sdk -package-description-version 5.2.0";
				SWIFT_VERSION = 5.0;
			};
			name = Debug;
		};
		OBJ_28 /* Release */ = {
			isa = XCBuildConfiguration;
			buildSettings = {
				LD = /usr/bin/true;
				OTHER_SWIFT_FLAGS = "-swift-version 5 -I $(TOOLCHAIN_DIR)/usr/lib/swift/pm/4_2 -target x86_64-apple-macosx10.10 -sdk /Applications/Xcode.app/Contents/Developer/Platforms/MacOSX.platform/Developer/SDKs/MacOSX10.15.sdk -package-description-version 5.2.0";
				SWIFT_VERSION = 5.0;
			};
			name = Release;
		};
		OBJ_3 /* Debug */ = {
			isa = XCBuildConfiguration;
			buildSettings = {
				CLANG_ENABLE_OBJC_ARC = YES;
				COMBINE_HIDPI_IMAGES = YES;
				COPY_PHASE_STRIP = NO;
				DEBUG_INFORMATION_FORMAT = dwarf;
				DYLIB_INSTALL_NAME_BASE = "@rpath";
				ENABLE_NS_ASSERTIONS = YES;
				GCC_OPTIMIZATION_LEVEL = 0;
				GCC_PREPROCESSOR_DEFINITIONS = (
					"$(inherited)",
					"SWIFT_PACKAGE=1",
					"DEBUG=1",
				);
				MACOSX_DEPLOYMENT_TARGET = 10.10;
				ONLY_ACTIVE_ARCH = YES;
				OTHER_SWIFT_FLAGS = "$(inherited) -DXcode";
				PRODUCT_NAME = "$(TARGET_NAME)";
				SDKROOT = macosx;
				SUPPORTED_PLATFORMS = "macosx iphoneos iphonesimulator appletvos appletvsimulator watchos watchsimulator";
				SWIFT_ACTIVE_COMPILATION_CONDITIONS = "$(inherited) SWIFT_PACKAGE DEBUG";
				SWIFT_OPTIMIZATION_LEVEL = "-Onone";
				USE_HEADERMAP = NO;
			};
			name = Debug;
		};
		OBJ_33 /* Debug */ = {
			isa = XCBuildConfiguration;
			buildSettings = {
			};
			name = Debug;
		};
		OBJ_34 /* Release */ = {
			isa = XCBuildConfiguration;
			buildSettings = {
			};
			name = Release;
		};
		OBJ_38 /* Debug */ = {
			isa = XCBuildConfiguration;
			buildSettings = {
				CLANG_ENABLE_MODULES = YES;
				EMBEDDED_CONTENT_CONTAINS_SWIFT = YES;
				FRAMEWORK_SEARCH_PATHS = (
					"$(inherited)",
					"$(PLATFORM_DIR)/Developer/Library/Frameworks",
				);
				HEADER_SEARCH_PATHS = "$(inherited)";
				INFOPLIST_FILE = DrawerList.xcodeproj/DrawerListTests_Info.plist;
				IPHONEOS_DEPLOYMENT_TARGET = 8.0;
				LD_RUNPATH_SEARCH_PATHS = "$(inherited) @loader_path/../Frameworks @loader_path/Frameworks";
				MACOSX_DEPLOYMENT_TARGET = 10.10;
				OTHER_CFLAGS = "$(inherited)";
				OTHER_LDFLAGS = "$(inherited)";
				OTHER_SWIFT_FLAGS = "$(inherited)";
				SWIFT_ACTIVE_COMPILATION_CONDITIONS = "$(inherited)";
				SWIFT_VERSION = 5.0;
				TARGET_NAME = DrawerListTests;
				TVOS_DEPLOYMENT_TARGET = 9.0;
				WATCHOS_DEPLOYMENT_TARGET = 2.0;
			};
			name = Debug;
		};
		OBJ_39 /* Release */ = {
			isa = XCBuildConfiguration;
			buildSettings = {
				CLANG_ENABLE_MODULES = YES;
				EMBEDDED_CONTENT_CONTAINS_SWIFT = YES;
				FRAMEWORK_SEARCH_PATHS = (
					"$(inherited)",
					"$(PLATFORM_DIR)/Developer/Library/Frameworks",
				);
				HEADER_SEARCH_PATHS = "$(inherited)";
				INFOPLIST_FILE = DrawerList.xcodeproj/DrawerListTests_Info.plist;
				IPHONEOS_DEPLOYMENT_TARGET = 8.0;
				LD_RUNPATH_SEARCH_PATHS = "$(inherited) @loader_path/../Frameworks @loader_path/Frameworks";
				MACOSX_DEPLOYMENT_TARGET = 10.10;
				OTHER_CFLAGS = "$(inherited)";
				OTHER_LDFLAGS = "$(inherited)";
				OTHER_SWIFT_FLAGS = "$(inherited)";
				SWIFT_ACTIVE_COMPILATION_CONDITIONS = "$(inherited)";
				SWIFT_VERSION = 5.0;
				TARGET_NAME = DrawerListTests;
				TVOS_DEPLOYMENT_TARGET = 9.0;
				WATCHOS_DEPLOYMENT_TARGET = 2.0;
			};
			name = Release;
		};
		OBJ_4 /* Release */ = {
			isa = XCBuildConfiguration;
			buildSettings = {
				CLANG_ENABLE_OBJC_ARC = YES;
				COMBINE_HIDPI_IMAGES = YES;
				COPY_PHASE_STRIP = YES;
				DEBUG_INFORMATION_FORMAT = "dwarf-with-dsym";
				DYLIB_INSTALL_NAME_BASE = "@rpath";
				GCC_OPTIMIZATION_LEVEL = s;
				GCC_PREPROCESSOR_DEFINITIONS = (
					"$(inherited)",
					"SWIFT_PACKAGE=1",
				);
				MACOSX_DEPLOYMENT_TARGET = 10.10;
				OTHER_SWIFT_FLAGS = "$(inherited) -DXcode";
				PRODUCT_NAME = "$(TARGET_NAME)";
				SDKROOT = macosx;
				SUPPORTED_PLATFORMS = "macosx iphoneos iphonesimulator appletvos appletvsimulator watchos watchsimulator";
				SWIFT_ACTIVE_COMPILATION_CONDITIONS = "$(inherited) SWIFT_PACKAGE";
				SWIFT_OPTIMIZATION_LEVEL = "-Owholemodule";
				USE_HEADERMAP = NO;
			};
			name = Release;
		};
/* End XCBuildConfiguration section */

/* Begin XCConfigurationList section */
		OBJ_19 /* Build configuration list for PBXNativeTarget "DrawerList" */ = {
			isa = XCConfigurationList;
			buildConfigurations = (
				OBJ_20 /* Debug */,
				OBJ_21 /* Release */,
			);
			defaultConfigurationIsVisible = 0;
			defaultConfigurationName = Release;
		};
		OBJ_2 /* Build configuration list for PBXProject "DrawerList" */ = {
			isa = XCConfigurationList;
			buildConfigurations = (
				OBJ_3 /* Debug */,
				OBJ_4 /* Release */,
			);
			defaultConfigurationIsVisible = 0;
			defaultConfigurationName = Release;
		};
		OBJ_26 /* Build configuration list for PBXNativeTarget "DrawerListPackageDescription" */ = {
			isa = XCConfigurationList;
			buildConfigurations = (
				OBJ_27 /* Debug */,
				OBJ_28 /* Release */,
			);
			defaultConfigurationIsVisible = 0;
			defaultConfigurationName = Release;
		};
		OBJ_32 /* Build configuration list for PBXAggregateTarget "DrawerListPackageTests" */ = {
			isa = XCConfigurationList;
			buildConfigurations = (
				OBJ_33 /* Debug */,
				OBJ_34 /* Release */,
			);
			defaultConfigurationIsVisible = 0;
			defaultConfigurationName = Release;
		};
		OBJ_37 /* Build configuration list for PBXNativeTarget "DrawerListTests" */ = {
			isa = XCConfigurationList;
			buildConfigurations = (
				OBJ_38 /* Debug */,
				OBJ_39 /* Release */,
			);
			defaultConfigurationIsVisible = 0;
			defaultConfigurationName = Release;
		};
/* End XCConfigurationList section */
	};
	rootObject = OBJ_1 /* Project object */;
}
